// !$*UTF8*$!
{
	archiveVersion = 1;
	classes = {
	};
	objectVersion = 46;
	objects = {

/* Begin PBXBuildFile section */
		09830C971AD7B17D00D9E421 /* MyHTTPTool.m in Sources */ = {isa = PBXBuildFile; fileRef = 09830C961AD7B17D00D9E421 /* MyHTTPTool.m */; };
		09A1FE7F1ABC413500556B64 /* main.m in Sources */ = {isa = PBXBuildFile; fileRef = 09A1FE7E1ABC413500556B64 /* main.m */; };
		09A1FE851ABC413500556B64 /* Microblog1_1.xcdatamodeld in Sources */ = {isa = PBXBuildFile; fileRef = 09A1FE831ABC413500556B64 /* Microblog1_1.xcdatamodeld */; };
		09A1FE8D1ABC413500556B64 /* Images.xcassets in Resources */ = {isa = PBXBuildFile; fileRef = 09A1FE8C1ABC413500556B64 /* Images.xcassets */; };
		09A1FE901ABC413500556B64 /* LaunchScreen.xib in Resources */ = {isa = PBXBuildFile; fileRef = 09A1FE8E1ABC413500556B64 /* LaunchScreen.xib */; };
		09A1FE9C1ABC413500556B64 /* Microblog1_1Tests.m in Sources */ = {isa = PBXBuildFile; fileRef = 09A1FE9B1ABC413500556B64 /* Microblog1_1Tests.m */; };
		09A1FEC21ABC426D00556B64 /* MyNavigationController.m in Sources */ = {isa = PBXBuildFile; fileRef = 09A1FEB21ABC426D00556B64 /* MyNavigationController.m */; };
		09A1FEC31ABC426D00556B64 /* MyTabBarController.m in Sources */ = {isa = PBXBuildFile; fileRef = 09A1FEB41ABC426D00556B64 /* MyTabBarController.m */; };
		09A1FEC41ABC426D00556B64 /* AppDelegate.m in Sources */ = {isa = PBXBuildFile; fileRef = 09A1FEB81ABC426D00556B64 /* AppDelegate.m */; };
		09A1FEC71ABC43C500556B64 /* MyHomeViewController.m in Sources */ = {isa = PBXBuildFile; fileRef = 09A1FEC61ABC43C500556B64 /* MyHomeViewController.m */; };
		09A1FECA1ABC448E00556B64 /* MyMessageViewController.m in Sources */ = {isa = PBXBuildFile; fileRef = 09A1FEC91ABC448E00556B64 /* MyMessageViewController.m */; };
		09A1FECD1ABC450700556B64 /* MyDiscoverViewController.m in Sources */ = {isa = PBXBuildFile; fileRef = 09A1FECC1ABC450700556B64 /* MyDiscoverViewController.m */; };
		09A1FED01ABC452100556B64 /* MyProfileViewController.m in Sources */ = {isa = PBXBuildFile; fileRef = 09A1FECF1ABC452100556B64 /* MyProfileViewController.m */; };
		09A1FED31ABC58FC00556B64 /* UIImage+Extension.m in Sources */ = {isa = PBXBuildFile; fileRef = 09A1FED21ABC58FC00556B64 /* UIImage+Extension.m */; };
		09A98FFE1AC80924001DB137 /* AFHTTPRequestOperation.m in Sources */ = {isa = PBXBuildFile; fileRef = 09A98FBA1AC80924001DB137 /* AFHTTPRequestOperation.m */; };
		09A98FFF1AC80924001DB137 /* AFHTTPRequestOperationManager.m in Sources */ = {isa = PBXBuildFile; fileRef = 09A98FBC1AC80924001DB137 /* AFHTTPRequestOperationManager.m */; };
		09A990001AC80924001DB137 /* AFHTTPSessionManager.m in Sources */ = {isa = PBXBuildFile; fileRef = 09A98FBE1AC80924001DB137 /* AFHTTPSessionManager.m */; };
		09A990011AC80924001DB137 /* AFNetworkReachabilityManager.m in Sources */ = {isa = PBXBuildFile; fileRef = 09A98FC11AC80924001DB137 /* AFNetworkReachabilityManager.m */; };
		09A990021AC80924001DB137 /* AFSecurityPolicy.m in Sources */ = {isa = PBXBuildFile; fileRef = 09A98FC31AC80924001DB137 /* AFSecurityPolicy.m */; };
		09A990031AC80924001DB137 /* AFURLConnectionOperation.m in Sources */ = {isa = PBXBuildFile; fileRef = 09A98FC51AC80924001DB137 /* AFURLConnectionOperation.m */; };
		09A990041AC80924001DB137 /* AFURLRequestSerialization.m in Sources */ = {isa = PBXBuildFile; fileRef = 09A98FC71AC80924001DB137 /* AFURLRequestSerialization.m */; };
		09A990051AC80924001DB137 /* AFURLResponseSerialization.m in Sources */ = {isa = PBXBuildFile; fileRef = 09A98FC91AC80924001DB137 /* AFURLResponseSerialization.m */; };
		09A990061AC80924001DB137 /* AFURLSessionManager.m in Sources */ = {isa = PBXBuildFile; fileRef = 09A98FCB1AC80924001DB137 /* AFURLSessionManager.m */; };
		09A990071AC80924001DB137 /* MJConst.m in Sources */ = {isa = PBXBuildFile; fileRef = 09A98FCE1AC80924001DB137 /* MJConst.m */; };
		09A990081AC80924001DB137 /* MJFoundation.m in Sources */ = {isa = PBXBuildFile; fileRef = 09A98FD11AC80924001DB137 /* MJFoundation.m */; };
		09A990091AC80924001DB137 /* MJIvar.m in Sources */ = {isa = PBXBuildFile; fileRef = 09A98FD31AC80924001DB137 /* MJIvar.m */; };
		09A9900A1AC80924001DB137 /* MJType.m in Sources */ = {isa = PBXBuildFile; fileRef = 09A98FD51AC80924001DB137 /* MJType.m */; };
		09A9900B1AC80924001DB137 /* NSObject+MJCoding.m in Sources */ = {isa = PBXBuildFile; fileRef = 09A98FD71AC80924001DB137 /* NSObject+MJCoding.m */; };
		09A9900C1AC80924001DB137 /* NSObject+MJIvar.m in Sources */ = {isa = PBXBuildFile; fileRef = 09A98FD91AC80924001DB137 /* NSObject+MJIvar.m */; };
		09A9900D1AC80924001DB137 /* NSObject+MJKeyValue.m in Sources */ = {isa = PBXBuildFile; fileRef = 09A98FDB1AC80924001DB137 /* NSObject+MJKeyValue.m */; };
		09A9900E1AC80924001DB137 /* MKAnnotationView+WebCache.m in Sources */ = {isa = PBXBuildFile; fileRef = 09A98FDE1AC80924001DB137 /* MKAnnotationView+WebCache.m */; };
		09A9900F1AC80924001DB137 /* NSData+ImageContentType.m in Sources */ = {isa = PBXBuildFile; fileRef = 09A98FE01AC80924001DB137 /* NSData+ImageContentType.m */; };
		09A990101AC80924001DB137 /* SDImageCache.m in Sources */ = {isa = PBXBuildFile; fileRef = 09A98FE21AC80924001DB137 /* SDImageCache.m */; };
		09A990111AC80924001DB137 /* SDWebImageCompat.m in Sources */ = {isa = PBXBuildFile; fileRef = 09A98FE41AC80924001DB137 /* SDWebImageCompat.m */; };
		09A990121AC80924001DB137 /* SDWebImageDecoder.m in Sources */ = {isa = PBXBuildFile; fileRef = 09A98FE61AC80924001DB137 /* SDWebImageDecoder.m */; };
		09A990131AC80924001DB137 /* SDWebImageDownloader.m in Sources */ = {isa = PBXBuildFile; fileRef = 09A98FE81AC80924001DB137 /* SDWebImageDownloader.m */; };
		09A990141AC80924001DB137 /* SDWebImageDownloaderOperation.m in Sources */ = {isa = PBXBuildFile; fileRef = 09A98FEA1AC80924001DB137 /* SDWebImageDownloaderOperation.m */; };
		09A990151AC80924001DB137 /* SDWebImageManager.m in Sources */ = {isa = PBXBuildFile; fileRef = 09A98FEC1AC80924001DB137 /* SDWebImageManager.m */; };
		09A990161AC80924001DB137 /* SDWebImagePrefetcher.m in Sources */ = {isa = PBXBuildFile; fileRef = 09A98FEF1AC80924001DB137 /* SDWebImagePrefetcher.m */; };
		09A990171AC80924001DB137 /* UIButton+WebCache.m in Sources */ = {isa = PBXBuildFile; fileRef = 09A98FF11AC80924001DB137 /* UIButton+WebCache.m */; };
		09A990181AC80924001DB137 /* UIImage+GIF.m in Sources */ = {isa = PBXBuildFile; fileRef = 09A98FF31AC80924001DB137 /* UIImage+GIF.m */; };
		09A990191AC80924001DB137 /* UIImage+MultiFormat.m in Sources */ = {isa = PBXBuildFile; fileRef = 09A98FF51AC80924001DB137 /* UIImage+MultiFormat.m */; };
		09A9901A1AC80924001DB137 /* UIImage+WebP.m in Sources */ = {isa = PBXBuildFile; fileRef = 09A98FF71AC80924001DB137 /* UIImage+WebP.m */; };
		09A9901B1AC80924001DB137 /* UIImageView+HighlightedWebCache.m in Sources */ = {isa = PBXBuildFile; fileRef = 09A98FF91AC80924001DB137 /* UIImageView+HighlightedWebCache.m */; };
		09A9901C1AC80924001DB137 /* UIImageView+WebCache.m in Sources */ = {isa = PBXBuildFile; fileRef = 09A98FFB1AC80924001DB137 /* UIImageView+WebCache.m */; };
		09A9901D1AC80924001DB137 /* UIView+WebCacheOperation.m in Sources */ = {isa = PBXBuildFile; fileRef = 09A98FFD1AC80924001DB137 /* UIView+WebCacheOperation.m */; };
		09A990241AC80951001DB137 /* MBProgressHUD+MJ.m in Sources */ = {isa = PBXBuildFile; fileRef = 09A990201AC80951001DB137 /* MBProgressHUD+MJ.m */; };
		09A990251AC80951001DB137 /* MBProgressHUD.bundle in Resources */ = {isa = PBXBuildFile; fileRef = 09A990211AC80951001DB137 /* MBProgressHUD.bundle */; };
		09A990261AC80951001DB137 /* MBProgressHUD.m in Sources */ = {isa = PBXBuildFile; fileRef = 09A990231AC80951001DB137 /* MBProgressHUD.m */; };
		09A9902B1AC80B93001DB137 /* MyOAuthViewController.m in Sources */ = {isa = PBXBuildFile; fileRef = 09A9902A1AC80B93001DB137 /* MyOAuthViewController.m */; };
		09A9902F1AC82837001DB137 /* MyAccount.m in Sources */ = {isa = PBXBuildFile; fileRef = 09A9902E1AC82837001DB137 /* MyAccount.m */; };
		09A990321AC82CBC001DB137 /* MyAccountTool.m in Sources */ = {isa = PBXBuildFile; fileRef = 09A990311AC82CBC001DB137 /* MyAccountTool.m */; };
		09A990351AC83271001DB137 /* MyUser.m in Sources */ = {isa = PBXBuildFile; fileRef = 09A990341AC83271001DB137 /* MyUser.m */; };
		09A990381AC832A8001DB137 /* MyStatus.m in Sources */ = {isa = PBXBuildFile; fileRef = 09A990371AC832A8001DB137 /* MyStatus.m */; };
		09A9903B1AC834EA001DB137 /* MyPhoto.m in Sources */ = {isa = PBXBuildFile; fileRef = 09A9903A1AC834EA001DB137 /* MyPhoto.m */; };
		09A9903E1AC835CF001DB137 /* MyControllerTool.m in Sources */ = {isa = PBXBuildFile; fileRef = 09A9903D1AC835CF001DB137 /* MyControllerTool.m */; };
		09B7516E1AC28B8400F03084 /* MyTabBar.m in Sources */ = {isa = PBXBuildFile; fileRef = 09B7516D1AC28B8400F03084 /* MyTabBar.m */; };
		09B751751AC2A1ED00F03084 /* MyComposeViewController.m in Sources */ = {isa = PBXBuildFile; fileRef = 09B751741AC2A1ED00F03084 /* MyComposeViewController.m */; };
		09B751801AC2BB5A00F03084 /* MyNewfeatureViewController.m in Sources */ = {isa = PBXBuildFile; fileRef = 09B7517F1AC2BB5A00F03084 /* MyNewfeatureViewController.m */; };
		09CB93881AD186DB00D449F2 /* MyTextView.m in Sources */ = {isa = PBXBuildFile; fileRef = 09CB93871AD186DB00D449F2 /* MyTextView.m */; };
		09CB938B1AD19AA900D449F2 /* MyFootView.m in Sources */ = {isa = PBXBuildFile; fileRef = 09CB938A1AD19AA900D449F2 /* MyFootView.m */; };
		09CB938D1AD19AC600D449F2 /* MyFootView.xib in Resources */ = {isa = PBXBuildFile; fileRef = 09CB938C1AD19AC600D449F2 /* MyFootView.xib */; };
		09CE68F91ABE723700F9886B /* MyTitleButton.m in Sources */ = {isa = PBXBuildFile; fileRef = 09CE68F81ABE723700F9886B /* MyTitleButton.m */; };
		09CF22D41ABED386009DDBFA /* MySearchBar.m in Sources */ = {isa = PBXBuildFile; fileRef = 09CF22D31ABED386009DDBFA /* MySearchBar.m */; };
		09CF22D71ABED911009DDBFA /* MyPopMenu.m in Sources */ = {isa = PBXBuildFile; fileRef = 09CF22D61ABED911009DDBFA /* MyPopMenu.m */; };
		09DCA4F21ABD5D620075C5A5 /* UINavigationItem+Extension.m in Sources */ = {isa = PBXBuildFile; fileRef = 09DCA4F11ABD5D620075C5A5 /* UINavigationItem+Extension.m */; };
		09E6B7F31AD408A3001DEF56 /* MyComposeToolBar.m in Sources */ = {isa = PBXBuildFile; fileRef = 09E6B7F21AD408A3001DEF56 /* MyComposeToolBar.m */; };
/* End PBXBuildFile section */

/* Begin PBXContainerItemProxy section */
		09A1FE961ABC413500556B64 /* PBXContainerItemProxy */ = {
			isa = PBXContainerItemProxy;
			containerPortal = 09A1FE711ABC413500556B64 /* Project object */;
			proxyType = 1;
			remoteGlobalIDString = 09A1FE781ABC413500556B64;
			remoteInfo = Microblog1.1;
		};
/* End PBXContainerItemProxy section */

/* Begin PBXFileReference section */
		09830C951AD7B17D00D9E421 /* MyHTTPTool.h */ = {isa = PBXFileReference; fileEncoding = 4; lastKnownFileType = sourcecode.c.h; path = MyHTTPTool.h; sourceTree = "<group>"; };
		09830C961AD7B17D00D9E421 /* MyHTTPTool.m */ = {isa = PBXFileReference; fileEncoding = 4; lastKnownFileType = sourcecode.c.objc; path = MyHTTPTool.m; sourceTree = "<group>"; };
		09A1FE791ABC413500556B64 /* Microblog1.1.app */ = {isa = PBXFileReference; explicitFileType = wrapper.application; includeInIndex = 0; path = Microblog1.1.app; sourceTree = BUILT_PRODUCTS_DIR; };
		09A1FE7D1ABC413500556B64 /* Info.plist */ = {isa = PBXFileReference; lastKnownFileType = text.plist.xml; path = Info.plist; sourceTree = "<group>"; };
		09A1FE7E1ABC413500556B64 /* main.m */ = {isa = PBXFileReference; lastKnownFileType = sourcecode.c.objc; path = main.m; sourceTree = "<group>"; };
		09A1FE841ABC413500556B64 /* Microblog1_1.xcdatamodel */ = {isa = PBXFileReference; lastKnownFileType = wrapper.xcdatamodel; path = Microblog1_1.xcdatamodel; sourceTree = "<group>"; };
		09A1FE8C1ABC413500556B64 /* Images.xcassets */ = {isa = PBXFileReference; lastKnownFileType = folder.assetcatalog; path = Images.xcassets; sourceTree = "<group>"; };
		09A1FE8F1ABC413500556B64 /* Base */ = {isa = PBXFileReference; lastKnownFileType = file.xib; name = Base; path = Base.lproj/LaunchScreen.xib; sourceTree = "<group>"; };
		09A1FE951ABC413500556B64 /* Microblog1.1Tests.xctest */ = {isa = PBXFileReference; explicitFileType = wrapper.cfbundle; includeInIndex = 0; path = Microblog1.1Tests.xctest; sourceTree = BUILT_PRODUCTS_DIR; };
		09A1FE9A1ABC413500556B64 /* Info.plist */ = {isa = PBXFileReference; lastKnownFileType = text.plist.xml; path = Info.plist; sourceTree = "<group>"; };
		09A1FE9B1ABC413500556B64 /* Microblog1_1Tests.m */ = {isa = PBXFileReference; lastKnownFileType = sourcecode.c.objc; path = Microblog1_1Tests.m; sourceTree = "<group>"; };
		09A1FEB11ABC426D00556B64 /* MyNavigationController.h */ = {isa = PBXFileReference; fileEncoding = 4; lastKnownFileType = sourcecode.c.h; path = MyNavigationController.h; sourceTree = "<group>"; };
		09A1FEB21ABC426D00556B64 /* MyNavigationController.m */ = {isa = PBXFileReference; fileEncoding = 4; lastKnownFileType = sourcecode.c.objc; path = MyNavigationController.m; sourceTree = "<group>"; };
		09A1FEB31ABC426D00556B64 /* MyTabBarController.h */ = {isa = PBXFileReference; fileEncoding = 4; lastKnownFileType = sourcecode.c.h; path = MyTabBarController.h; sourceTree = "<group>"; };
		09A1FEB41ABC426D00556B64 /* MyTabBarController.m */ = {isa = PBXFileReference; fileEncoding = 4; lastKnownFileType = sourcecode.c.objc; path = MyTabBarController.m; sourceTree = "<group>"; };
		09A1FEB71ABC426D00556B64 /* AppDelegate.h */ = {isa = PBXFileReference; fileEncoding = 4; lastKnownFileType = sourcecode.c.h; path = AppDelegate.h; sourceTree = "<group>"; };
		09A1FEB81ABC426D00556B64 /* AppDelegate.m */ = {isa = PBXFileReference; fileEncoding = 4; lastKnownFileType = sourcecode.c.objc; path = AppDelegate.m; sourceTree = "<group>"; };
		09A1FEC51ABC43C500556B64 /* MyHomeViewController.h */ = {isa = PBXFileReference; fileEncoding = 4; lastKnownFileType = sourcecode.c.h; path = MyHomeViewController.h; sourceTree = "<group>"; };
		09A1FEC61ABC43C500556B64 /* MyHomeViewController.m */ = {isa = PBXFileReference; fileEncoding = 4; lastKnownFileType = sourcecode.c.objc; path = MyHomeViewController.m; sourceTree = "<group>"; };
		09A1FEC81ABC448E00556B64 /* MyMessageViewController.h */ = {isa = PBXFileReference; fileEncoding = 4; lastKnownFileType = sourcecode.c.h; path = MyMessageViewController.h; sourceTree = "<group>"; };
		09A1FEC91ABC448E00556B64 /* MyMessageViewController.m */ = {isa = PBXFileReference; fileEncoding = 4; lastKnownFileType = sourcecode.c.objc; path = MyMessageViewController.m; sourceTree = "<group>"; };
		09A1FECB1ABC450700556B64 /* MyDiscoverViewController.h */ = {isa = PBXFileReference; fileEncoding = 4; lastKnownFileType = sourcecode.c.h; path = MyDiscoverViewController.h; sourceTree = "<group>"; };
		09A1FECC1ABC450700556B64 /* MyDiscoverViewController.m */ = {isa = PBXFileReference; fileEncoding = 4; lastKnownFileType = sourcecode.c.objc; path = MyDiscoverViewController.m; sourceTree = "<group>"; };
		09A1FECE1ABC452100556B64 /* MyProfileViewController.h */ = {isa = PBXFileReference; fileEncoding = 4; lastKnownFileType = sourcecode.c.h; path = MyProfileViewController.h; sourceTree = "<group>"; };
		09A1FECF1ABC452100556B64 /* MyProfileViewController.m */ = {isa = PBXFileReference; fileEncoding = 4; lastKnownFileType = sourcecode.c.objc; path = MyProfileViewController.m; sourceTree = "<group>"; };
		09A1FED11ABC58FC00556B64 /* UIImage+Extension.h */ = {isa = PBXFileReference; fileEncoding = 4; lastKnownFileType = sourcecode.c.h; path = "UIImage+Extension.h"; sourceTree = "<group>"; };
		09A1FED21ABC58FC00556B64 /* UIImage+Extension.m */ = {isa = PBXFileReference; fileEncoding = 4; lastKnownFileType = sourcecode.c.objc; path = "UIImage+Extension.m"; sourceTree = "<group>"; };
		09A58D931AC9033F00D8F59A /* zh-Hans */ = {isa = PBXFileReference; lastKnownFileType = text.plist.strings; name = "zh-Hans"; path = "zh-Hans.lproj/LaunchScreen.strings"; sourceTree = "<group>"; };
		09A98FB91AC80924001DB137 /* AFHTTPRequestOperation.h */ = {isa = PBXFileReference; fileEncoding = 4; lastKnownFileType = sourcecode.c.h; path = AFHTTPRequestOperation.h; sourceTree = "<group>"; };
		09A98FBA1AC80924001DB137 /* AFHTTPRequestOperation.m */ = {isa = PBXFileReference; fileEncoding = 4; lastKnownFileType = sourcecode.c.objc; path = AFHTTPRequestOperation.m; sourceTree = "<group>"; };
		09A98FBB1AC80924001DB137 /* AFHTTPRequestOperationManager.h */ = {isa = PBXFileReference; fileEncoding = 4; lastKnownFileType = sourcecode.c.h; path = AFHTTPRequestOperationManager.h; sourceTree = "<group>"; };
		09A98FBC1AC80924001DB137 /* AFHTTPRequestOperationManager.m */ = {isa = PBXFileReference; fileEncoding = 4; lastKnownFileType = sourcecode.c.objc; path = AFHTTPRequestOperationManager.m; sourceTree = "<group>"; };
		09A98FBD1AC80924001DB137 /* AFHTTPSessionManager.h */ = {isa = PBXFileReference; fileEncoding = 4; lastKnownFileType = sourcecode.c.h; path = AFHTTPSessionManager.h; sourceTree = "<group>"; };
		09A98FBE1AC80924001DB137 /* AFHTTPSessionManager.m */ = {isa = PBXFileReference; fileEncoding = 4; lastKnownFileType = sourcecode.c.objc; path = AFHTTPSessionManager.m; sourceTree = "<group>"; };
		09A98FBF1AC80924001DB137 /* AFNetworking.h */ = {isa = PBXFileReference; fileEncoding = 4; lastKnownFileType = sourcecode.c.h; path = AFNetworking.h; sourceTree = "<group>"; };
		09A98FC01AC80924001DB137 /* AFNetworkReachabilityManager.h */ = {isa = PBXFileReference; fileEncoding = 4; lastKnownFileType = sourcecode.c.h; path = AFNetworkReachabilityManager.h; sourceTree = "<group>"; };
		09A98FC11AC80924001DB137 /* AFNetworkReachabilityManager.m */ = {isa = PBXFileReference; fileEncoding = 4; lastKnownFileType = sourcecode.c.objc; path = AFNetworkReachabilityManager.m; sourceTree = "<group>"; };
		09A98FC21AC80924001DB137 /* AFSecurityPolicy.h */ = {isa = PBXFileReference; fileEncoding = 4; lastKnownFileType = sourcecode.c.h; path = AFSecurityPolicy.h; sourceTree = "<group>"; };
		09A98FC31AC80924001DB137 /* AFSecurityPolicy.m */ = {isa = PBXFileReference; fileEncoding = 4; lastKnownFileType = sourcecode.c.objc; path = AFSecurityPolicy.m; sourceTree = "<group>"; };
		09A98FC41AC80924001DB137 /* AFURLConnectionOperation.h */ = {isa = PBXFileReference; fileEncoding = 4; lastKnownFileType = sourcecode.c.h; path = AFURLConnectionOperation.h; sourceTree = "<group>"; };
		09A98FC51AC80924001DB137 /* AFURLConnectionOperation.m */ = {isa = PBXFileReference; fileEncoding = 4; lastKnownFileType = sourcecode.c.objc; path = AFURLConnectionOperation.m; sourceTree = "<group>"; };
		09A98FC61AC80924001DB137 /* AFURLRequestSerialization.h */ = {isa = PBXFileReference; fileEncoding = 4; lastKnownFileType = sourcecode.c.h; path = AFURLRequestSerialization.h; sourceTree = "<group>"; };
		09A98FC71AC80924001DB137 /* AFURLRequestSerialization.m */ = {isa = PBXFileReference; fileEncoding = 4; lastKnownFileType = sourcecode.c.objc; path = AFURLRequestSerialization.m; sourceTree = "<group>"; };
		09A98FC81AC80924001DB137 /* AFURLResponseSerialization.h */ = {isa = PBXFileReference; fileEncoding = 4; lastKnownFileType = sourcecode.c.h; path = AFURLResponseSerialization.h; sourceTree = "<group>"; };
		09A98FC91AC80924001DB137 /* AFURLResponseSerialization.m */ = {isa = PBXFileReference; fileEncoding = 4; lastKnownFileType = sourcecode.c.objc; path = AFURLResponseSerialization.m; sourceTree = "<group>"; };
		09A98FCA1AC80924001DB137 /* AFURLSessionManager.h */ = {isa = PBXFileReference; fileEncoding = 4; lastKnownFileType = sourcecode.c.h; path = AFURLSessionManager.h; sourceTree = "<group>"; };
		09A98FCB1AC80924001DB137 /* AFURLSessionManager.m */ = {isa = PBXFileReference; fileEncoding = 4; lastKnownFileType = sourcecode.c.objc; path = AFURLSessionManager.m; sourceTree = "<group>"; };
		09A98FCD1AC80924001DB137 /* MJConst.h */ = {isa = PBXFileReference; fileEncoding = 4; lastKnownFileType = sourcecode.c.h; path = MJConst.h; sourceTree = "<group>"; };
		09A98FCE1AC80924001DB137 /* MJConst.m */ = {isa = PBXFileReference; fileEncoding = 4; lastKnownFileType = sourcecode.c.objc; path = MJConst.m; sourceTree = "<group>"; };
		09A98FCF1AC80924001DB137 /* MJExtension.h */ = {isa = PBXFileReference; fileEncoding = 4; lastKnownFileType = sourcecode.c.h; path = MJExtension.h; sourceTree = "<group>"; };
		09A98FD01AC80924001DB137 /* MJFoundation.h */ = {isa = PBXFileReference; fileEncoding = 4; lastKnownFileType = sourcecode.c.h; path = MJFoundation.h; sourceTree = "<group>"; };
		09A98FD11AC80924001DB137 /* MJFoundation.m */ = {isa = PBXFileReference; fileEncoding = 4; lastKnownFileType = sourcecode.c.objc; path = MJFoundation.m; sourceTree = "<group>"; };
		09A98FD21AC80924001DB137 /* MJIvar.h */ = {isa = PBXFileReference; fileEncoding = 4; lastKnownFileType = sourcecode.c.h; path = MJIvar.h; sourceTree = "<group>"; };
		09A98FD31AC80924001DB137 /* MJIvar.m */ = {isa = PBXFileReference; fileEncoding = 4; lastKnownFileType = sourcecode.c.objc; path = MJIvar.m; sourceTree = "<group>"; };
		09A98FD41AC80924001DB137 /* MJType.h */ = {isa = PBXFileReference; fileEncoding = 4; lastKnownFileType = sourcecode.c.h; path = MJType.h; sourceTree = "<group>"; };
		09A98FD51AC80924001DB137 /* MJType.m */ = {isa = PBXFileReference; fileEncoding = 4; lastKnownFileType = sourcecode.c.objc; path = MJType.m; sourceTree = "<group>"; };
		09A98FD61AC80924001DB137 /* NSObject+MJCoding.h */ = {isa = PBXFileReference; fileEncoding = 4; lastKnownFileType = sourcecode.c.h; path = "NSObject+MJCoding.h"; sourceTree = "<group>"; };
		09A98FD71AC80924001DB137 /* NSObject+MJCoding.m */ = {isa = PBXFileReference; fileEncoding = 4; lastKnownFileType = sourcecode.c.objc; path = "NSObject+MJCoding.m"; sourceTree = "<group>"; };
		09A98FD81AC80924001DB137 /* NSObject+MJIvar.h */ = {isa = PBXFileReference; fileEncoding = 4; lastKnownFileType = sourcecode.c.h; path = "NSObject+MJIvar.h"; sourceTree = "<group>"; };
		09A98FD91AC80924001DB137 /* NSObject+MJIvar.m */ = {isa = PBXFileReference; fileEncoding = 4; lastKnownFileType = sourcecode.c.objc; path = "NSObject+MJIvar.m"; sourceTree = "<group>"; };
		09A98FDA1AC80924001DB137 /* NSObject+MJKeyValue.h */ = {isa = PBXFileReference; fileEncoding = 4; lastKnownFileType = sourcecode.c.h; path = "NSObject+MJKeyValue.h"; sourceTree = "<group>"; };
		09A98FDB1AC80924001DB137 /* NSObject+MJKeyValue.m */ = {isa = PBXFileReference; fileEncoding = 4; lastKnownFileType = sourcecode.c.objc; path = "NSObject+MJKeyValue.m"; sourceTree = "<group>"; };
		09A98FDD1AC80924001DB137 /* MKAnnotationView+WebCache.h */ = {isa = PBXFileReference; fileEncoding = 4; lastKnownFileType = sourcecode.c.h; path = "MKAnnotationView+WebCache.h"; sourceTree = "<group>"; };
		09A98FDE1AC80924001DB137 /* MKAnnotationView+WebCache.m */ = {isa = PBXFileReference; fileEncoding = 4; lastKnownFileType = sourcecode.c.objc; path = "MKAnnotationView+WebCache.m"; sourceTree = "<group>"; };
		09A98FDF1AC80924001DB137 /* NSData+ImageContentType.h */ = {isa = PBXFileReference; fileEncoding = 4; lastKnownFileType = sourcecode.c.h; path = "NSData+ImageContentType.h"; sourceTree = "<group>"; };
		09A98FE01AC80924001DB137 /* NSData+ImageContentType.m */ = {isa = PBXFileReference; fileEncoding = 4; lastKnownFileType = sourcecode.c.objc; path = "NSData+ImageContentType.m"; sourceTree = "<group>"; };
		09A98FE11AC80924001DB137 /* SDImageCache.h */ = {isa = PBXFileReference; fileEncoding = 4; lastKnownFileType = sourcecode.c.h; path = SDImageCache.h; sourceTree = "<group>"; };
		09A98FE21AC80924001DB137 /* SDImageCache.m */ = {isa = PBXFileReference; fileEncoding = 4; lastKnownFileType = sourcecode.c.objc; path = SDImageCache.m; sourceTree = "<group>"; };
		09A98FE31AC80924001DB137 /* SDWebImageCompat.h */ = {isa = PBXFileReference; fileEncoding = 4; lastKnownFileType = sourcecode.c.h; path = SDWebImageCompat.h; sourceTree = "<group>"; };
		09A98FE41AC80924001DB137 /* SDWebImageCompat.m */ = {isa = PBXFileReference; fileEncoding = 4; lastKnownFileType = sourcecode.c.objc; path = SDWebImageCompat.m; sourceTree = "<group>"; };
		09A98FE51AC80924001DB137 /* SDWebImageDecoder.h */ = {isa = PBXFileReference; fileEncoding = 4; lastKnownFileType = sourcecode.c.h; path = SDWebImageDecoder.h; sourceTree = "<group>"; };
		09A98FE61AC80924001DB137 /* SDWebImageDecoder.m */ = {isa = PBXFileReference; fileEncoding = 4; lastKnownFileType = sourcecode.c.objc; path = SDWebImageDecoder.m; sourceTree = "<group>"; };
		09A98FE71AC80924001DB137 /* SDWebImageDownloader.h */ = {isa = PBXFileReference; fileEncoding = 4; lastKnownFileType = sourcecode.c.h; path = SDWebImageDownloader.h; sourceTree = "<group>"; };
		09A98FE81AC80924001DB137 /* SDWebImageDownloader.m */ = {isa = PBXFileReference; fileEncoding = 4; lastKnownFileType = sourcecode.c.objc; path = SDWebImageDownloader.m; sourceTree = "<group>"; };
		09A98FE91AC80924001DB137 /* SDWebImageDownloaderOperation.h */ = {isa = PBXFileReference; fileEncoding = 4; lastKnownFileType = sourcecode.c.h; path = SDWebImageDownloaderOperation.h; sourceTree = "<group>"; };
		09A98FEA1AC80924001DB137 /* SDWebImageDownloaderOperation.m */ = {isa = PBXFileReference; fileEncoding = 4; lastKnownFileType = sourcecode.c.objc; path = SDWebImageDownloaderOperation.m; sourceTree = "<group>"; };
		09A98FEB1AC80924001DB137 /* SDWebImageManager.h */ = {isa = PBXFileReference; fileEncoding = 4; lastKnownFileType = sourcecode.c.h; path = SDWebImageManager.h; sourceTree = "<group>"; };
		09A98FEC1AC80924001DB137 /* SDWebImageManager.m */ = {isa = PBXFileReference; fileEncoding = 4; lastKnownFileType = sourcecode.c.objc; path = SDWebImageManager.m; sourceTree = "<group>"; };
		09A98FED1AC80924001DB137 /* SDWebImageOperation.h */ = {isa = PBXFileReference; fileEncoding = 4; lastKnownFileType = sourcecode.c.h; path = SDWebImageOperation.h; sourceTree = "<group>"; };
		09A98FEE1AC80924001DB137 /* SDWebImagePrefetcher.h */ = {isa = PBXFileReference; fileEncoding = 4; lastKnownFileType = sourcecode.c.h; path = SDWebImagePrefetcher.h; sourceTree = "<group>"; };
		09A98FEF1AC80924001DB137 /* SDWebImagePrefetcher.m */ = {isa = PBXFileReference; fileEncoding = 4; lastKnownFileType = sourcecode.c.objc; path = SDWebImagePrefetcher.m; sourceTree = "<group>"; };
		09A98FF01AC80924001DB137 /* UIButton+WebCache.h */ = {isa = PBXFileReference; fileEncoding = 4; lastKnownFileType = sourcecode.c.h; path = "UIButton+WebCache.h"; sourceTree = "<group>"; };
		09A98FF11AC80924001DB137 /* UIButton+WebCache.m */ = {isa = PBXFileReference; fileEncoding = 4; lastKnownFileType = sourcecode.c.objc; path = "UIButton+WebCache.m"; sourceTree = "<group>"; };
		09A98FF21AC80924001DB137 /* UIImage+GIF.h */ = {isa = PBXFileReference; fileEncoding = 4; lastKnownFileType = sourcecode.c.h; path = "UIImage+GIF.h"; sourceTree = "<group>"; };
		09A98FF31AC80924001DB137 /* UIImage+GIF.m */ = {isa = PBXFileReference; fileEncoding = 4; lastKnownFileType = sourcecode.c.objc; path = "UIImage+GIF.m"; sourceTree = "<group>"; };
		09A98FF41AC80924001DB137 /* UIImage+MultiFormat.h */ = {isa = PBXFileReference; fileEncoding = 4; lastKnownFileType = sourcecode.c.h; path = "UIImage+MultiFormat.h"; sourceTree = "<group>"; };
		09A98FF51AC80924001DB137 /* UIImage+MultiFormat.m */ = {isa = PBXFileReference; fileEncoding = 4; lastKnownFileType = sourcecode.c.objc; path = "UIImage+MultiFormat.m"; sourceTree = "<group>"; };
		09A98FF61AC80924001DB137 /* UIImage+WebP.h */ = {isa = PBXFileReference; fileEncoding = 4; lastKnownFileType = sourcecode.c.h; path = "UIImage+WebP.h"; sourceTree = "<group>"; };
		09A98FF71AC80924001DB137 /* UIImage+WebP.m */ = {isa = PBXFileReference; fileEncoding = 4; lastKnownFileType = sourcecode.c.objc; path = "UIImage+WebP.m"; sourceTree = "<group>"; };
		09A98FF81AC80924001DB137 /* UIImageView+HighlightedWebCache.h */ = {isa = PBXFileReference; fileEncoding = 4; lastKnownFileType = sourcecode.c.h; path = "UIImageView+HighlightedWebCache.h"; sourceTree = "<group>"; };
		09A98FF91AC80924001DB137 /* UIImageView+HighlightedWebCache.m */ = {isa = PBXFileReference; fileEncoding = 4; lastKnownFileType = sourcecode.c.objc; path = "UIImageView+HighlightedWebCache.m"; sourceTree = "<group>"; };
		09A98FFA1AC80924001DB137 /* UIImageView+WebCache.h */ = {isa = PBXFileReference; fileEncoding = 4; lastKnownFileType = sourcecode.c.h; path = "UIImageView+WebCache.h"; sourceTree = "<group>"; };
		09A98FFB1AC80924001DB137 /* UIImageView+WebCache.m */ = {isa = PBXFileReference; fileEncoding = 4; lastKnownFileType = sourcecode.c.objc; path = "UIImageView+WebCache.m"; sourceTree = "<group>"; };
		09A98FFC1AC80924001DB137 /* UIView+WebCacheOperation.h */ = {isa = PBXFileReference; fileEncoding = 4; lastKnownFileType = sourcecode.c.h; path = "UIView+WebCacheOperation.h"; sourceTree = "<group>"; };
		09A98FFD1AC80924001DB137 /* UIView+WebCacheOperation.m */ = {isa = PBXFileReference; fileEncoding = 4; lastKnownFileType = sourcecode.c.objc; path = "UIView+WebCacheOperation.m"; sourceTree = "<group>"; };
		09A9901F1AC80951001DB137 /* MBProgressHUD+MJ.h */ = {isa = PBXFileReference; fileEncoding = 4; lastKnownFileType = sourcecode.c.h; path = "MBProgressHUD+MJ.h"; sourceTree = "<group>"; };
		09A990201AC80951001DB137 /* MBProgressHUD+MJ.m */ = {isa = PBXFileReference; fileEncoding = 4; lastKnownFileType = sourcecode.c.objc; path = "MBProgressHUD+MJ.m"; sourceTree = "<group>"; };
		09A990211AC80951001DB137 /* MBProgressHUD.bundle */ = {isa = PBXFileReference; lastKnownFileType = "wrapper.plug-in"; path = MBProgressHUD.bundle; sourceTree = "<group>"; };
		09A990221AC80951001DB137 /* MBProgressHUD.h */ = {isa = PBXFileReference; fileEncoding = 4; lastKnownFileType = sourcecode.c.h; path = MBProgressHUD.h; sourceTree = "<group>"; };
		09A990231AC80951001DB137 /* MBProgressHUD.m */ = {isa = PBXFileReference; fileEncoding = 4; lastKnownFileType = sourcecode.c.objc; path = MBProgressHUD.m; sourceTree = "<group>"; };
		09A990291AC80B93001DB137 /* MyOAuthViewController.h */ = {isa = PBXFileReference; fileEncoding = 4; lastKnownFileType = sourcecode.c.h; path = MyOAuthViewController.h; sourceTree = "<group>"; };
		09A9902A1AC80B93001DB137 /* MyOAuthViewController.m */ = {isa = PBXFileReference; fileEncoding = 4; lastKnownFileType = sourcecode.c.objc; path = MyOAuthViewController.m; sourceTree = "<group>"; };
		09A9902D1AC82837001DB137 /* MyAccount.h */ = {isa = PBXFileReference; fileEncoding = 4; lastKnownFileType = sourcecode.c.h; path = MyAccount.h; sourceTree = "<group>"; };
		09A9902E1AC82837001DB137 /* MyAccount.m */ = {isa = PBXFileReference; fileEncoding = 4; lastKnownFileType = sourcecode.c.objc; path = MyAccount.m; sourceTree = "<group>"; };
		09A990301AC82CBC001DB137 /* MyAccountTool.h */ = {isa = PBXFileReference; fileEncoding = 4; lastKnownFileType = sourcecode.c.h; path = MyAccountTool.h; sourceTree = "<group>"; };
		09A990311AC82CBC001DB137 /* MyAccountTool.m */ = {isa = PBXFileReference; fileEncoding = 4; lastKnownFileType = sourcecode.c.objc; path = MyAccountTool.m; sourceTree = "<group>"; };
		09A990331AC83271001DB137 /* MyUser.h */ = {isa = PBXFileReference; fileEncoding = 4; lastKnownFileType = sourcecode.c.h; path = MyUser.h; sourceTree = "<group>"; };
		09A990341AC83271001DB137 /* MyUser.m */ = {isa = PBXFileReference; fileEncoding = 4; lastKnownFileType = sourcecode.c.objc; path = MyUser.m; sourceTree = "<group>"; };
		09A990361AC832A8001DB137 /* MyStatus.h */ = {isa = PBXFileReference; fileEncoding = 4; lastKnownFileType = sourcecode.c.h; path = MyStatus.h; sourceTree = "<group>"; };
		09A990371AC832A8001DB137 /* MyStatus.m */ = {isa = PBXFileReference; fileEncoding = 4; lastKnownFileType = sourcecode.c.objc; path = MyStatus.m; sourceTree = "<group>"; };
		09A990391AC834EA001DB137 /* MyPhoto.h */ = {isa = PBXFileReference; fileEncoding = 4; lastKnownFileType = sourcecode.c.h; path = MyPhoto.h; sourceTree = "<group>"; };
		09A9903A1AC834EA001DB137 /* MyPhoto.m */ = {isa = PBXFileReference; fileEncoding = 4; lastKnownFileType = sourcecode.c.objc; path = MyPhoto.m; sourceTree = "<group>"; };
		09A9903C1AC835CF001DB137 /* MyControllerTool.h */ = {isa = PBXFileReference; fileEncoding = 4; lastKnownFileType = sourcecode.c.h; path = MyControllerTool.h; sourceTree = "<group>"; };
		09A9903D1AC835CF001DB137 /* MyControllerTool.m */ = {isa = PBXFileReference; fileEncoding = 4; lastKnownFileType = sourcecode.c.objc; path = MyControllerTool.m; sourceTree = "<group>"; };
		09B7516C1AC28B8400F03084 /* MyTabBar.h */ = {isa = PBXFileReference; fileEncoding = 4; lastKnownFileType = sourcecode.c.h; path = MyTabBar.h; sourceTree = "<group>"; };
		09B7516D1AC28B8400F03084 /* MyTabBar.m */ = {isa = PBXFileReference; fileEncoding = 4; lastKnownFileType = sourcecode.c.objc; path = MyTabBar.m; sourceTree = "<group>"; };
		09B751731AC2A1ED00F03084 /* MyComposeViewController.h */ = {isa = PBXFileReference; fileEncoding = 4; lastKnownFileType = sourcecode.c.h; path = MyComposeViewController.h; sourceTree = "<group>"; };
		09B751741AC2A1ED00F03084 /* MyComposeViewController.m */ = {isa = PBXFileReference; fileEncoding = 4; lastKnownFileType = sourcecode.c.objc; path = MyComposeViewController.m; sourceTree = "<group>"; };
		09B7517E1AC2BB5A00F03084 /* MyNewfeatureViewController.h */ = {isa = PBXFileReference; fileEncoding = 4; lastKnownFileType = sourcecode.c.h; path = MyNewfeatureViewController.h; sourceTree = "<group>"; };
		09B7517F1AC2BB5A00F03084 /* MyNewfeatureViewController.m */ = {isa = PBXFileReference; fileEncoding = 4; lastKnownFileType = sourcecode.c.objc; path = MyNewfeatureViewController.m; sourceTree = "<group>"; };
		09CB93861AD186DB00D449F2 /* MyTextView.h */ = {isa = PBXFileReference; fileEncoding = 4; lastKnownFileType = sourcecode.c.h; path = MyTextView.h; sourceTree = "<group>"; };
		09CB93871AD186DB00D449F2 /* MyTextView.m */ = {isa = PBXFileReference; fileEncoding = 4; lastKnownFileType = sourcecode.c.objc; path = MyTextView.m; sourceTree = "<group>"; };
		09CB93891AD19AA900D449F2 /* MyFootView.h */ = {isa = PBXFileReference; fileEncoding = 4; lastKnownFileType = sourcecode.c.h; path = MyFootView.h; sourceTree = "<group>"; };
		09CB938A1AD19AA900D449F2 /* MyFootView.m */ = {isa = PBXFileReference; fileEncoding = 4; lastKnownFileType = sourcecode.c.objc; path = MyFootView.m; sourceTree = "<group>"; };
		09CB938C1AD19AC600D449F2 /* MyFootView.xib */ = {isa = PBXFileReference; fileEncoding = 4; lastKnownFileType = file.xib; path = MyFootView.xib; sourceTree = "<group>"; };
		09CE68F71ABE723700F9886B /* MyTitleButton.h */ = {isa = PBXFileReference; fileEncoding = 4; lastKnownFileType = sourcecode.c.h; path = MyTitleButton.h; sourceTree = "<group>"; };
		09CE68F81ABE723700F9886B /* MyTitleButton.m */ = {isa = PBXFileReference; fileEncoding = 4; lastKnownFileType = sourcecode.c.objc; path = MyTitleButton.m; sourceTree = "<group>"; };
		09CF22D21ABED386009DDBFA /* MySearchBar.h */ = {isa = PBXFileReference; fileEncoding = 4; lastKnownFileType = sourcecode.c.h; path = MySearchBar.h; sourceTree = "<group>"; };
		09CF22D31ABED386009DDBFA /* MySearchBar.m */ = {isa = PBXFileReference; fileEncoding = 4; lastKnownFileType = sourcecode.c.objc; path = MySearchBar.m; sourceTree = "<group>"; };
		09CF22D51ABED911009DDBFA /* MyPopMenu.h */ = {isa = PBXFileReference; fileEncoding = 4; lastKnownFileType = sourcecode.c.h; path = MyPopMenu.h; sourceTree = "<group>"; };
		09CF22D61ABED911009DDBFA /* MyPopMenu.m */ = {isa = PBXFileReference; fileEncoding = 4; lastKnownFileType = sourcecode.c.objc; path = MyPopMenu.m; sourceTree = "<group>"; };
		09DCA4F01ABD5D620075C5A5 /* UINavigationItem+Extension.h */ = {isa = PBXFileReference; fileEncoding = 4; lastKnownFileType = sourcecode.c.h; path = "UINavigationItem+Extension.h"; sourceTree = "<group>"; };
		09DCA4F11ABD5D620075C5A5 /* UINavigationItem+Extension.m */ = {isa = PBXFileReference; fileEncoding = 4; lastKnownFileType = sourcecode.c.objc; path = "UINavigationItem+Extension.m"; sourceTree = "<group>"; };
		09E6B7F11AD408A3001DEF56 /* MyComposeToolBar.h */ = {isa = PBXFileReference; fileEncoding = 4; lastKnownFileType = sourcecode.c.h; path = MyComposeToolBar.h; sourceTree = "<group>"; };
		09E6B7F21AD408A3001DEF56 /* MyComposeToolBar.m */ = {isa = PBXFileReference; fileEncoding = 4; lastKnownFileType = sourcecode.c.objc; path = MyComposeToolBar.m; sourceTree = "<group>"; };
/* End PBXFileReference section */

/* Begin PBXFrameworksBuildPhase section */
		09A1FE761ABC413500556B64 /* Frameworks */ = {
			isa = PBXFrameworksBuildPhase;
			buildActionMask = 2147483647;
			files = (
			);
			runOnlyForDeploymentPostprocessing = 0;
		};
		09A1FE921ABC413500556B64 /* Frameworks */ = {
			isa = PBXFrameworksBuildPhase;
			buildActionMask = 2147483647;
			files = (
			);
			runOnlyForDeploymentPostprocessing = 0;
		};
/* End PBXFrameworksBuildPhase section */

/* Begin PBXGroup section */
		09A1FE701ABC413500556B64 = {
			isa = PBXGroup;
			children = (
				09A1FE7B1ABC413500556B64 /* Microblog1.1 */,
				09A1FE981ABC413500556B64 /* Microblog1.1Tests */,
				09A1FE7A1ABC413500556B64 /* Products */,
			);
			sourceTree = "<group>";
		};
		09A1FE7A1ABC413500556B64 /* Products */ = {
			isa = PBXGroup;
			children = (
				09A1FE791ABC413500556B64 /* Microblog1.1.app */,
				09A1FE951ABC413500556B64 /* Microblog1.1Tests.xctest */,
			);
			name = Products;
			sourceTree = "<group>";
		};
		09A1FE7B1ABC413500556B64 /* Microblog1.1 */ = {
			isa = PBXGroup;
			children = (
				09A1FEA51ABC426D00556B64 /* Classes */,
				09A1FE8C1ABC413500556B64 /* Images.xcassets */,
				09A1FE8E1ABC413500556B64 /* LaunchScreen.xib */,
				09A1FE831ABC413500556B64 /* Microblog1_1.xcdatamodeld */,
				09A1FE7C1ABC413500556B64 /* Supporting Files */,
			);
			path = Microblog1.1;
			sourceTree = "<group>";
		};
		09A1FE7C1ABC413500556B64 /* Supporting Files */ = {
			isa = PBXGroup;
			children = (
				09A1FE7D1ABC413500556B64 /* Info.plist */,
				09A1FE7E1ABC413500556B64 /* main.m */,
			);
			name = "Supporting Files";
			sourceTree = "<group>";
		};
		09A1FE981ABC413500556B64 /* Microblog1.1Tests */ = {
			isa = PBXGroup;
			children = (
				09A1FE9B1ABC413500556B64 /* Microblog1_1Tests.m */,
				09A1FE991ABC413500556B64 /* Supporting Files */,
			);
			path = Microblog1.1Tests;
			sourceTree = "<group>";
		};
		09A1FE991ABC413500556B64 /* Supporting Files */ = {
			isa = PBXGroup;
			children = (
				09A1FE9A1ABC413500556B64 /* Info.plist */,
			);
			name = "Supporting Files";
			sourceTree = "<group>";
		};
		09A1FEA51ABC426D00556B64 /* Classes */ = {
			isa = PBXGroup;
			children = (
				09A1FEAE1ABC426D00556B64 /* Main */,
				09A1FEAA1ABC426D00556B64 /* Home */,
				09A1FEBA1ABC426D00556B64 /* Message */,
				09A1FEA61ABC426D00556B64 /* Discover */,
				09A1FEBE1ABC426D00556B64 /* Profile */,
				09B7516F1AC2A1AC00F03084 /* Compose */,
				09B7517A1AC2B99500F03084 /* Newfeatur */,
				09A990271AC80B45001DB137 /* OAuth（授权） */,
			);
			path = Classes;
			sourceTree = "<group>";
		};
		09A1FEA61ABC426D00556B64 /* Discover */ = {
			isa = PBXGroup;
			children = (
				09A1FEA71ABC426D00556B64 /* Controller */,
				09A1FEA81ABC426D00556B64 /* Model */,
				09A1FEA91ABC426D00556B64 /* View */,
			);
			path = Discover;
			sourceTree = "<group>";
		};
		09A1FEA71ABC426D00556B64 /* Controller */ = {
			isa = PBXGroup;
			children = (
				09A1FECB1ABC450700556B64 /* MyDiscoverViewController.h */,
				09A1FECC1ABC450700556B64 /* MyDiscoverViewController.m */,
			);
			path = Controller;
			sourceTree = "<group>";
		};
		09A1FEA81ABC426D00556B64 /* Model */ = {
			isa = PBXGroup;
			children = (
			);
			path = Model;
			sourceTree = "<group>";
		};
		09A1FEA91ABC426D00556B64 /* View */ = {
			isa = PBXGroup;
			children = (
				09CF22D21ABED386009DDBFA /* MySearchBar.h */,
				09CF22D31ABED386009DDBFA /* MySearchBar.m */,
			);
			path = View;
			sourceTree = "<group>";
		};
		09A1FEAA1ABC426D00556B64 /* Home */ = {
			isa = PBXGroup;
			children = (
				09A1FEAB1ABC426D00556B64 /* Controller */,
				09A1FEAC1ABC426D00556B64 /* Model */,
				09A1FEAD1ABC426D00556B64 /* View */,
			);
			path = Home;
			sourceTree = "<group>";
		};
		09A1FEAB1ABC426D00556B64 /* Controller */ = {
			isa = PBXGroup;
			children = (
				09A1FEC51ABC43C500556B64 /* MyHomeViewController.h */,
				09A1FEC61ABC43C500556B64 /* MyHomeViewController.m */,
			);
			path = Controller;
			sourceTree = "<group>";
		};
		09A1FEAC1ABC426D00556B64 /* Model */ = {
			isa = PBXGroup;
			children = (
				09A990331AC83271001DB137 /* MyUser.h */,
				09A990341AC83271001DB137 /* MyUser.m */,
				09A990361AC832A8001DB137 /* MyStatus.h */,
				09A990371AC832A8001DB137 /* MyStatus.m */,
				09A990391AC834EA001DB137 /* MyPhoto.h */,
				09A9903A1AC834EA001DB137 /* MyPhoto.m */,
			);
			path = Model;
			sourceTree = "<group>";
		};
		09A1FEAD1ABC426D00556B64 /* View */ = {
			isa = PBXGroup;
			children = (
				09CE68F71ABE723700F9886B /* MyTitleButton.h */,
				09CE68F81ABE723700F9886B /* MyTitleButton.m */,
				09CF22D51ABED911009DDBFA /* MyPopMenu.h */,
				09CF22D61ABED911009DDBFA /* MyPopMenu.m */,
				09CB93891AD19AA900D449F2 /* MyFootView.h */,
				09CB938A1AD19AA900D449F2 /* MyFootView.m */,
				09CB938C1AD19AC600D449F2 /* MyFootView.xib */,
			);
			path = View;
			sourceTree = "<group>";
		};
		09A1FEAE1ABC426D00556B64 /* Main */ = {
			isa = PBXGroup;
			children = (
				09A9902C1AC827C6001DB137 /* Tool */,
				09A98FB71AC808D4001DB137 /* Lib */,
				09A1FEAF1ABC426D00556B64 /* Category */,
				09A1FEB01ABC426D00556B64 /* Controller */,
				09A1FEB51ABC426D00556B64 /* Model */,
				09A1FEB61ABC426D00556B64 /* Other */,
				09A1FEB91ABC426D00556B64 /* View */,
			);
			path = Main;
			sourceTree = "<group>";
		};
		09A1FEAF1ABC426D00556B64 /* Category */ = {
			isa = PBXGroup;
			children = (
				09A1FED11ABC58FC00556B64 /* UIImage+Extension.h */,
				09A1FED21ABC58FC00556B64 /* UIImage+Extension.m */,
				09DCA4F01ABD5D620075C5A5 /* UINavigationItem+Extension.h */,
				09DCA4F11ABD5D620075C5A5 /* UINavigationItem+Extension.m */,
			);
			path = Category;
			sourceTree = "<group>";
		};
		09A1FEB01ABC426D00556B64 /* Controller */ = {
			isa = PBXGroup;
			children = (
				09A1FEB11ABC426D00556B64 /* MyNavigationController.h */,
				09A1FEB21ABC426D00556B64 /* MyNavigationController.m */,
				09A1FEB31ABC426D00556B64 /* MyTabBarController.h */,
				09A1FEB41ABC426D00556B64 /* MyTabBarController.m */,
			);
			path = Controller;
			sourceTree = "<group>";
		};
		09A1FEB51ABC426D00556B64 /* Model */ = {
			isa = PBXGroup;
			children = (
				09A9902D1AC82837001DB137 /* MyAccount.h */,
				09A9902E1AC82837001DB137 /* MyAccount.m */,
			);
			path = Model;
			sourceTree = "<group>";
		};
		09A1FEB61ABC426D00556B64 /* Other */ = {
			isa = PBXGroup;
			children = (
				09A1FEB71ABC426D00556B64 /* AppDelegate.h */,
				09A1FEB81ABC426D00556B64 /* AppDelegate.m */,
			);
			path = Other;
			sourceTree = "<group>";
		};
		09A1FEB91ABC426D00556B64 /* View */ = {
			isa = PBXGroup;
			children = (
				09B7516C1AC28B8400F03084 /* MyTabBar.h */,
				09B7516D1AC28B8400F03084 /* MyTabBar.m */,
			);
			path = View;
			sourceTree = "<group>";
		};
		09A1FEBA1ABC426D00556B64 /* Message */ = {
			isa = PBXGroup;
			children = (
				09A1FEBB1ABC426D00556B64 /* Controller */,
				09A1FEBC1ABC426D00556B64 /* Model */,
				09A1FEBD1ABC426D00556B64 /* View */,
			);
			path = Message;
			sourceTree = "<group>";
		};
		09A1FEBB1ABC426D00556B64 /* Controller */ = {
			isa = PBXGroup;
			children = (
				09A1FEC81ABC448E00556B64 /* MyMessageViewController.h */,
				09A1FEC91ABC448E00556B64 /* MyMessageViewController.m */,
			);
			path = Controller;
			sourceTree = "<group>";
		};
		09A1FEBC1ABC426D00556B64 /* Model */ = {
			isa = PBXGroup;
			children = (
			);
			path = Model;
			sourceTree = "<group>";
		};
		09A1FEBD1ABC426D00556B64 /* View */ = {
			isa = PBXGroup;
			children = (
			);
			path = View;
			sourceTree = "<group>";
		};
		09A1FEBE1ABC426D00556B64 /* Profile */ = {
			isa = PBXGroup;
			children = (
				09A1FEBF1ABC426D00556B64 /* Controller */,
				09A1FEC01ABC426D00556B64 /* Model */,
				09A1FEC11ABC426D00556B64 /* View */,
			);
			path = Profile;
			sourceTree = "<group>";
		};
		09A1FEBF1ABC426D00556B64 /* Controller */ = {
			isa = PBXGroup;
			children = (
				09A1FECE1ABC452100556B64 /* MyProfileViewController.h */,
				09A1FECF1ABC452100556B64 /* MyProfileViewController.m */,
			);
			path = Controller;
			sourceTree = "<group>";
		};
		09A1FEC01ABC426D00556B64 /* Model */ = {
			isa = PBXGroup;
			children = (
			);
			path = Model;
			sourceTree = "<group>";
		};
		09A1FEC11ABC426D00556B64 /* View */ = {
			isa = PBXGroup;
			children = (
			);
			path = View;
			sourceTree = "<group>";
		};
		09A98FB71AC808D4001DB137 /* Lib */ = {
			isa = PBXGroup;
			children = (
				09A9901E1AC80951001DB137 /* MBProgressHUD */,
				09A98FB81AC80924001DB137 /* AFNetworking */,
				09A98FCC1AC80924001DB137 /* MJExtension */,
				09A98FDC1AC80924001DB137 /* SDWebImage */,
			);
			path = Lib;
			sourceTree = "<group>";
		};
		09A98FB81AC80924001DB137 /* AFNetworking */ = {
			isa = PBXGroup;
			children = (
				09A98FB91AC80924001DB137 /* AFHTTPRequestOperation.h */,
				09A98FBA1AC80924001DB137 /* AFHTTPRequestOperation.m */,
				09A98FBB1AC80924001DB137 /* AFHTTPRequestOperationManager.h */,
				09A98FBC1AC80924001DB137 /* AFHTTPRequestOperationManager.m */,
				09A98FBD1AC80924001DB137 /* AFHTTPSessionManager.h */,
				09A98FBE1AC80924001DB137 /* AFHTTPSessionManager.m */,
				09A98FBF1AC80924001DB137 /* AFNetworking.h */,
				09A98FC01AC80924001DB137 /* AFNetworkReachabilityManager.h */,
				09A98FC11AC80924001DB137 /* AFNetworkReachabilityManager.m */,
				09A98FC21AC80924001DB137 /* AFSecurityPolicy.h */,
				09A98FC31AC80924001DB137 /* AFSecurityPolicy.m */,
				09A98FC41AC80924001DB137 /* AFURLConnectionOperation.h */,
				09A98FC51AC80924001DB137 /* AFURLConnectionOperation.m */,
				09A98FC61AC80924001DB137 /* AFURLRequestSerialization.h */,
				09A98FC71AC80924001DB137 /* AFURLRequestSerialization.m */,
				09A98FC81AC80924001DB137 /* AFURLResponseSerialization.h */,
				09A98FC91AC80924001DB137 /* AFURLResponseSerialization.m */,
				09A98FCA1AC80924001DB137 /* AFURLSessionManager.h */,
				09A98FCB1AC80924001DB137 /* AFURLSessionManager.m */,
			);
			path = AFNetworking;
			sourceTree = "<group>";
		};
		09A98FCC1AC80924001DB137 /* MJExtension */ = {
			isa = PBXGroup;
			children = (
				09A98FCD1AC80924001DB137 /* MJConst.h */,
				09A98FCE1AC80924001DB137 /* MJConst.m */,
				09A98FCF1AC80924001DB137 /* MJExtension.h */,
				09A98FD01AC80924001DB137 /* MJFoundation.h */,
				09A98FD11AC80924001DB137 /* MJFoundation.m */,
				09A98FD21AC80924001DB137 /* MJIvar.h */,
				09A98FD31AC80924001DB137 /* MJIvar.m */,
				09A98FD41AC80924001DB137 /* MJType.h */,
				09A98FD51AC80924001DB137 /* MJType.m */,
				09A98FD61AC80924001DB137 /* NSObject+MJCoding.h */,
				09A98FD71AC80924001DB137 /* NSObject+MJCoding.m */,
				09A98FD81AC80924001DB137 /* NSObject+MJIvar.h */,
				09A98FD91AC80924001DB137 /* NSObject+MJIvar.m */,
				09A98FDA1AC80924001DB137 /* NSObject+MJKeyValue.h */,
				09A98FDB1AC80924001DB137 /* NSObject+MJKeyValue.m */,
			);
			path = MJExtension;
			sourceTree = "<group>";
		};
		09A98FDC1AC80924001DB137 /* SDWebImage */ = {
			isa = PBXGroup;
			children = (
				09A98FDD1AC80924001DB137 /* MKAnnotationView+WebCache.h */,
				09A98FDE1AC80924001DB137 /* MKAnnotationView+WebCache.m */,
				09A98FDF1AC80924001DB137 /* NSData+ImageContentType.h */,
				09A98FE01AC80924001DB137 /* NSData+ImageContentType.m */,
				09A98FE11AC80924001DB137 /* SDImageCache.h */,
				09A98FE21AC80924001DB137 /* SDImageCache.m */,
				09A98FE31AC80924001DB137 /* SDWebImageCompat.h */,
				09A98FE41AC80924001DB137 /* SDWebImageCompat.m */,
				09A98FE51AC80924001DB137 /* SDWebImageDecoder.h */,
				09A98FE61AC80924001DB137 /* SDWebImageDecoder.m */,
				09A98FE71AC80924001DB137 /* SDWebImageDownloader.h */,
				09A98FE81AC80924001DB137 /* SDWebImageDownloader.m */,
				09A98FE91AC80924001DB137 /* SDWebImageDownloaderOperation.h */,
				09A98FEA1AC80924001DB137 /* SDWebImageDownloaderOperation.m */,
				09A98FEB1AC80924001DB137 /* SDWebImageManager.h */,
				09A98FEC1AC80924001DB137 /* SDWebImageManager.m */,
				09A98FED1AC80924001DB137 /* SDWebImageOperation.h */,
				09A98FEE1AC80924001DB137 /* SDWebImagePrefetcher.h */,
				09A98FEF1AC80924001DB137 /* SDWebImagePrefetcher.m */,
				09A98FF01AC80924001DB137 /* UIButton+WebCache.h */,
				09A98FF11AC80924001DB137 /* UIButton+WebCache.m */,
				09A98FF21AC80924001DB137 /* UIImage+GIF.h */,
				09A98FF31AC80924001DB137 /* UIImage+GIF.m */,
				09A98FF41AC80924001DB137 /* UIImage+MultiFormat.h */,
				09A98FF51AC80924001DB137 /* UIImage+MultiFormat.m */,
				09A98FF61AC80924001DB137 /* UIImage+WebP.h */,
				09A98FF71AC80924001DB137 /* UIImage+WebP.m */,
				09A98FF81AC80924001DB137 /* UIImageView+HighlightedWebCache.h */,
				09A98FF91AC80924001DB137 /* UIImageView+HighlightedWebCache.m */,
				09A98FFA1AC80924001DB137 /* UIImageView+WebCache.h */,
				09A98FFB1AC80924001DB137 /* UIImageView+WebCache.m */,
				09A98FFC1AC80924001DB137 /* UIView+WebCacheOperation.h */,
				09A98FFD1AC80924001DB137 /* UIView+WebCacheOperation.m */,
			);
			path = SDWebImage;
			sourceTree = "<group>";
		};
		09A9901E1AC80951001DB137 /* MBProgressHUD */ = {
			isa = PBXGroup;
			children = (
				09A9901F1AC80951001DB137 /* MBProgressHUD+MJ.h */,
				09A990201AC80951001DB137 /* MBProgressHUD+MJ.m */,
				09A990211AC80951001DB137 /* MBProgressHUD.bundle */,
				09A990221AC80951001DB137 /* MBProgressHUD.h */,
				09A990231AC80951001DB137 /* MBProgressHUD.m */,
			);
			path = MBProgressHUD;
			sourceTree = "<group>";
		};
		09A990271AC80B45001DB137 /* OAuth（授权） */ = {
			isa = PBXGroup;
			children = (
				09A990281AC80B45001DB137 /* Controller */,
			);
			name = "OAuth（授权）";
			path = "Newfeatur/OAuth（授权）";
			sourceTree = "<group>";
		};
		09A990281AC80B45001DB137 /* Controller */ = {
			isa = PBXGroup;
			children = (
				09A990291AC80B93001DB137 /* MyOAuthViewController.h */,
				09A9902A1AC80B93001DB137 /* MyOAuthViewController.m */,
			);
			path = Controller;
			sourceTree = "<group>";
		};
		09A9902C1AC827C6001DB137 /* Tool */ = {
			isa = PBXGroup;
			children = (
				09A990301AC82CBC001DB137 /* MyAccountTool.h */,
				09A990311AC82CBC001DB137 /* MyAccountTool.m */,
				09A9903C1AC835CF001DB137 /* MyControllerTool.h */,
				09A9903D1AC835CF001DB137 /* MyControllerTool.m */,
				09830C951AD7B17D00D9E421 /* MyHTTPTool.h */,
				09830C961AD7B17D00D9E421 /* MyHTTPTool.m */,
			);
			path = Tool;
			sourceTree = "<group>";
		};
		09B7516F1AC2A1AC00F03084 /* Compose */ = {
			isa = PBXGroup;
			children = (
				09B751701AC2A1AC00F03084 /* Controller */,
				09B751711AC2A1AC00F03084 /* Model */,
				09B751721AC2A1AC00F03084 /* View */,
			);
			path = Compose;
			sourceTree = "<group>";
		};
		09B751701AC2A1AC00F03084 /* Controller */ = {
			isa = PBXGroup;
			children = (
				09B751731AC2A1ED00F03084 /* MyComposeViewController.h */,
				09B751741AC2A1ED00F03084 /* MyComposeViewController.m */,
			);
			path = Controller;
			sourceTree = "<group>";
		};
		09B751711AC2A1AC00F03084 /* Model */ = {
			isa = PBXGroup;
			children = (
			);
			path = Model;
			sourceTree = "<group>";
		};
		09B751721AC2A1AC00F03084 /* View */ = {
			isa = PBXGroup;
			children = (
				09CB93861AD186DB00D449F2 /* MyTextView.h */,
				09CB93871AD186DB00D449F2 /* MyTextView.m */,
				09E6B7F11AD408A3001DEF56 /* MyComposeToolBar.h */,
				09E6B7F21AD408A3001DEF56 /* MyComposeToolBar.m */,
			);
			path = View;
			sourceTree = "<group>";
		};
		09B7517A1AC2B99500F03084 /* Newfeatur */ = {
			isa = PBXGroup;
			children = (
				09B7517B1AC2B99500F03084 /* Controller */,
				09B7517C1AC2B99500F03084 /* Model */,
				09B7517D1AC2B99500F03084 /* View */,
			);
			path = Newfeatur;
			sourceTree = "<group>";
		};
		09B7517B1AC2B99500F03084 /* Controller */ = {
			isa = PBXGroup;
			children = (
				09B7517E1AC2BB5A00F03084 /* MyNewfeatureViewController.h */,
				09B7517F1AC2BB5A00F03084 /* MyNewfeatureViewController.m */,
			);
			path = Controller;
			sourceTree = "<group>";
		};
		09B7517C1AC2B99500F03084 /* Model */ = {
			isa = PBXGroup;
			children = (
			);
			path = Model;
			sourceTree = "<group>";
		};
		09B7517D1AC2B99500F03084 /* View */ = {
			isa = PBXGroup;
			children = (
			);
			path = View;
			sourceTree = "<group>";
		};
/* End PBXGroup section */

/* Begin PBXNativeTarget section */
		09A1FE781ABC413500556B64 /* Microblog1.1 */ = {
			isa = PBXNativeTarget;
			buildConfigurationList = 09A1FE9F1ABC413500556B64 /* Build configuration list for PBXNativeTarget "Microblog1.1" */;
			buildPhases = (
				09A1FE751ABC413500556B64 /* Sources */,
				09A1FE761ABC413500556B64 /* Frameworks */,
				09A1FE771ABC413500556B64 /* Resources */,
			);
			buildRules = (
			);
			dependencies = (
			);
			name = Microblog1.1;
			productName = Microblog1.1;
			productReference = 09A1FE791ABC413500556B64 /* Microblog1.1.app */;
			productType = "com.apple.product-type.application";
		};
		09A1FE941ABC413500556B64 /* Microblog1.1Tests */ = {
			isa = PBXNativeTarget;
			buildConfigurationList = 09A1FEA21ABC413500556B64 /* Build configuration list for PBXNativeTarget "Microblog1.1Tests" */;
			buildPhases = (
				09A1FE911ABC413500556B64 /* Sources */,
				09A1FE921ABC413500556B64 /* Frameworks */,
				09A1FE931ABC413500556B64 /* Resources */,
			);
			buildRules = (
			);
			dependencies = (
				09A1FE971ABC413500556B64 /* PBXTargetDependency */,
			);
			name = Microblog1.1Tests;
			productName = Microblog1.1Tests;
			productReference = 09A1FE951ABC413500556B64 /* Microblog1.1Tests.xctest */;
			productType = "com.apple.product-type.bundle.unit-test";
		};
/* End PBXNativeTarget section */

/* Begin PBXProject section */
		09A1FE711ABC413500556B64 /* Project object */ = {
			isa = PBXProject;
			attributes = {
				LastUpgradeCheck = 0620;
				ORGANIZATIONNAME = "王志盼";
				TargetAttributes = {
					09A1FE781ABC413500556B64 = {
						CreatedOnToolsVersion = 6.2;
					};
					09A1FE941ABC413500556B64 = {
						CreatedOnToolsVersion = 6.2;
						TestTargetID = 09A1FE781ABC413500556B64;
					};
				};
			};
			buildConfigurationList = 09A1FE741ABC413500556B64 /* Build configuration list for PBXProject "Microblog1.1" */;
			compatibilityVersion = "Xcode 3.2";
			developmentRegion = English;
			hasScannedForEncodings = 0;
			knownRegions = (
				en,
				Base,
			);
			mainGroup = 09A1FE701ABC413500556B64;
			productRefGroup = 09A1FE7A1ABC413500556B64 /* Products */;
			projectDirPath = "";
			projectRoot = "";
			targets = (
				09A1FE781ABC413500556B64 /* Microblog1.1 */,
				09A1FE941ABC413500556B64 /* Microblog1.1Tests */,
			);
		};
/* End PBXProject section */

/* Begin PBXResourcesBuildPhase section */
		09A1FE771ABC413500556B64 /* Resources */ = {
			isa = PBXResourcesBuildPhase;
			buildActionMask = 2147483647;
			files = (
				09CB938D1AD19AC600D449F2 /* MyFootView.xib in Resources */,
				09A1FE901ABC413500556B64 /* LaunchScreen.xib in Resources */,
				09A1FE8D1ABC413500556B64 /* Images.xcassets in Resources */,
				09A990251AC80951001DB137 /* MBProgressHUD.bundle in Resources */,
			);
			runOnlyForDeploymentPostprocessing = 0;
		};
		09A1FE931ABC413500556B64 /* Resources */ = {
			isa = PBXResourcesBuildPhase;
			buildActionMask = 2147483647;
			files = (
			);
			runOnlyForDeploymentPostprocessing = 0;
		};
/* End PBXResourcesBuildPhase section */

/* Begin PBXSourcesBuildPhase section */
		09A1FE751ABC413500556B64 /* Sources */ = {
			isa = PBXSourcesBuildPhase;
			buildActionMask = 2147483647;
			files = (
				09A98FFE1AC80924001DB137 /* AFHTTPRequestOperation.m in Sources */,
				09A1FEC21ABC426D00556B64 /* MyNavigationController.m in Sources */,
				09A1FED01ABC452100556B64 /* MyProfileViewController.m in Sources */,
				09A990151AC80924001DB137 /* SDWebImageManager.m in Sources */,
				09A990351AC83271001DB137 /* MyUser.m in Sources */,
				09A9902B1AC80B93001DB137 /* MyOAuthViewController.m in Sources */,
				09CE68F91ABE723700F9886B /* MyTitleButton.m in Sources */,
				09A9900D1AC80924001DB137 /* NSObject+MJKeyValue.m in Sources */,
				09A990241AC80951001DB137 /* MBProgressHUD+MJ.m in Sources */,
				09A990261AC80951001DB137 /* MBProgressHUD.m in Sources */,
				09A1FECD1ABC450700556B64 /* MyDiscoverViewController.m in Sources */,
				09A990191AC80924001DB137 /* UIImage+MultiFormat.m in Sources */,
				09CF22D41ABED386009DDBFA /* MySearchBar.m in Sources */,
				09A990131AC80924001DB137 /* SDWebImageDownloader.m in Sources */,
				09B751801AC2BB5A00F03084 /* MyNewfeatureViewController.m in Sources */,
				09A9901A1AC80924001DB137 /* UIImage+WebP.m in Sources */,
				09CB938B1AD19AA900D449F2 /* MyFootView.m in Sources */,
				09A990001AC80924001DB137 /* AFHTTPSessionManager.m in Sources */,
				09DCA4F21ABD5D620075C5A5 /* UINavigationItem+Extension.m in Sources */,
				09CB93881AD186DB00D449F2 /* MyTextView.m in Sources */,
				09CF22D71ABED911009DDBFA /* MyPopMenu.m in Sources */,
				09A990011AC80924001DB137 /* AFNetworkReachabilityManager.m in Sources */,
				09A9901B1AC80924001DB137 /* UIImageView+HighlightedWebCache.m in Sources */,
				09830C971AD7B17D00D9E421 /* MyHTTPTool.m in Sources */,
				09A990121AC80924001DB137 /* SDWebImageDecoder.m in Sources */,
				09A990161AC80924001DB137 /* SDWebImagePrefetcher.m in Sources */,
				09A990061AC80924001DB137 /* AFURLSessionManager.m in Sources */,
				09A1FEC31ABC426D00556B64 /* MyTabBarController.m in Sources */,
				09A9903E1AC835CF001DB137 /* MyControllerTool.m in Sources */,
				09A9902F1AC82837001DB137 /* MyAccount.m in Sources */,
				09A1FE7F1ABC413500556B64 /* main.m in Sources */,
				09A990031AC80924001DB137 /* AFURLConnectionOperation.m in Sources */,
				09A990081AC80924001DB137 /* MJFoundation.m in Sources */,
				09A9900A1AC80924001DB137 /* MJType.m in Sources */,
				09A9903B1AC834EA001DB137 /* MyPhoto.m in Sources */,
				09A990181AC80924001DB137 /* UIImage+GIF.m in Sources */,
				09A9901C1AC80924001DB137 /* UIImageView+WebCache.m in Sources */,
				09E6B7F31AD408A3001DEF56 /* MyComposeToolBar.m in Sources */,
				09A990051AC80924001DB137 /* AFURLResponseSerialization.m in Sources */,
				09A990101AC80924001DB137 /* SDImageCache.m in Sources */,
				09A990071AC80924001DB137 /* MJConst.m in Sources */,
				09A1FED31ABC58FC00556B64 /* UIImage+Extension.m in Sources */,
				09A990041AC80924001DB137 /* AFURLRequestSerialization.m in Sources */,
				09A1FEC71ABC43C500556B64 /* MyHomeViewController.m in Sources */,
				09A990141AC80924001DB137 /* SDWebImageDownloaderOperation.m in Sources */,
				09A990381AC832A8001DB137 /* MyStatus.m in Sources */,
				09A9900B1AC80924001DB137 /* NSObject+MJCoding.m in Sources */,
				09A1FE851ABC413500556B64 /* Microblog1_1.xcdatamodeld in Sources */,
				09A990111AC80924001DB137 /* SDWebImageCompat.m in Sources */,
				09A9900F1AC80924001DB137 /* NSData+ImageContentType.m in Sources */,
				09A9900C1AC80924001DB137 /* NSObject+MJIvar.m in Sources */,
				09A1FEC41ABC426D00556B64 /* AppDelegate.m in Sources */,
				09B7516E1AC28B8400F03084 /* MyTabBar.m in Sources */,
				09A990321AC82CBC001DB137 /* MyAccountTool.m in Sources */,
				09A990171AC80924001DB137 /* UIButton+WebCache.m in Sources */,
				09A1FECA1ABC448E00556B64 /* MyMessageViewController.m in Sources */,
				09A98FFF1AC80924001DB137 /* AFHTTPRequestOperationManager.m in Sources */,
				09A990091AC80924001DB137 /* MJIvar.m in Sources */,
				09A9901D1AC80924001DB137 /* UIView+WebCacheOperation.m in Sources */,
				09A9900E1AC80924001DB137 /* MKAnnotationView+WebCache.m in Sources */,
				09A990021AC80924001DB137 /* AFSecurityPolicy.m in Sources */,
				09B751751AC2A1ED00F03084 /* MyComposeViewController.m in Sources */,
			);
			runOnlyForDeploymentPostprocessing = 0;
		};
		09A1FE911ABC413500556B64 /* Sources */ = {
			isa = PBXSourcesBuildPhase;
			buildActionMask = 2147483647;
			files = (
				09A1FE9C1ABC413500556B64 /* Microblog1_1Tests.m in Sources */,
			);
			runOnlyForDeploymentPostprocessing = 0;
		};
/* End PBXSourcesBuildPhase section */

/* Begin PBXTargetDependency section */
		09A1FE971ABC413500556B64 /* PBXTargetDependency */ = {
			isa = PBXTargetDependency;
			target = 09A1FE781ABC413500556B64 /* Microblog1.1 */;
			targetProxy = 09A1FE961ABC413500556B64 /* PBXContainerItemProxy */;
		};
/* End PBXTargetDependency section */

/* Begin PBXVariantGroup section */
		09A1FE8E1ABC413500556B64 /* LaunchScreen.xib */ = {
			isa = PBXVariantGroup;
			children = (
				09A1FE8F1ABC413500556B64 /* Base */,
				09A58D931AC9033F00D8F59A /* zh-Hans */,
			);
			name = LaunchScreen.xib;
			sourceTree = "<group>";
		};
/* End PBXVariantGroup section */

/* Begin XCBuildConfiguration section */
		09A1FE9D1ABC413500556B64 /* Debug */ = {
			isa = XCBuildConfiguration;
			buildSettings = {
				ALWAYS_SEARCH_USER_PATHS = NO;
				CLANG_CXX_LANGUAGE_STANDARD = "gnu++0x";
				CLANG_CXX_LIBRARY = "libc++";
				CLANG_ENABLE_MODULES = YES;
				CLANG_ENABLE_OBJC_ARC = YES;
				CLANG_WARN_BOOL_CONVERSION = YES;
				CLANG_WARN_CONSTANT_CONVERSION = YES;
				CLANG_WARN_DIRECT_OBJC_ISA_USAGE = YES_ERROR;
				CLANG_WARN_EMPTY_BODY = YES;
				CLANG_WARN_ENUM_CONVERSION = YES;
				CLANG_WARN_INT_CONVERSION = YES;
				CLANG_WARN_OBJC_ROOT_CLASS = YES_ERROR;
				CLANG_WARN_UNREACHABLE_CODE = YES;
				CLANG_WARN__DUPLICATE_METHOD_MATCH = YES;
				"CODE_SIGN_IDENTITY[sdk=iphoneos*]" = "iPhone Developer";
				COPY_PHASE_STRIP = NO;
				ENABLE_STRICT_OBJC_MSGSEND = YES;
				GCC_C_LANGUAGE_STANDARD = gnu99;
				GCC_DYNAMIC_NO_PIC = NO;
				GCC_OPTIMIZATION_LEVEL = 0;
				GCC_PREPROCESSOR_DEFINITIONS = (
					"DEBUG=1",
					"$(inherited)",
				);
				GCC_SYMBOLS_PRIVATE_EXTERN = NO;
				GCC_WARN_64_TO_32_BIT_CONVERSION = YES;
				GCC_WARN_ABOUT_RETURN_TYPE = YES_ERROR;
				GCC_WARN_UNDECLARED_SELECTOR = YES;
				GCC_WARN_UNINITIALIZED_AUTOS = YES_AGGRESSIVE;
				GCC_WARN_UNUSED_FUNCTION = YES;
				GCC_WARN_UNUSED_VARIABLE = YES;
				IPHONEOS_DEPLOYMENT_TARGET = 8.2;
				MTL_ENABLE_DEBUG_INFO = YES;
				ONLY_ACTIVE_ARCH = YES;
				SDKROOT = iphoneos;
			};
			name = Debug;
		};
		09A1FE9E1ABC413500556B64 /* Release */ = {
			isa = XCBuildConfiguration;
			buildSettings = {
				ALWAYS_SEARCH_USER_PATHS = NO;
				CLANG_CXX_LANGUAGE_STANDARD = "gnu++0x";
				CLANG_CXX_LIBRARY = "libc++";
				CLANG_ENABLE_MODULES = YES;
				CLANG_ENABLE_OBJC_ARC = YES;
				CLANG_WARN_BOOL_CONVERSION = YES;
				CLANG_WARN_CONSTANT_CONVERSION = YES;
				CLANG_WARN_DIRECT_OBJC_ISA_USAGE = YES_ERROR;
				CLANG_WARN_EMPTY_BODY = YES;
				CLANG_WARN_ENUM_CONVERSION = YES;
				CLANG_WARN_INT_CONVERSION = YES;
				CLANG_WARN_OBJC_ROOT_CLASS = YES_ERROR;
				CLANG_WARN_UNREACHABLE_CODE = YES;
				CLANG_WARN__DUPLICATE_METHOD_MATCH = YES;
				"CODE_SIGN_IDENTITY[sdk=iphoneos*]" = "iPhone Developer";
				COPY_PHASE_STRIP = NO;
				ENABLE_NS_ASSERTIONS = NO;
				ENABLE_STRICT_OBJC_MSGSEND = YES;
				GCC_C_LANGUAGE_STANDARD = gnu99;
				GCC_WARN_64_TO_32_BIT_CONVERSION = YES;
				GCC_WARN_ABOUT_RETURN_TYPE = YES_ERROR;
				GCC_WARN_UNDECLARED_SELECTOR = YES;
				GCC_WARN_UNINITIALIZED_AUTOS = YES_AGGRESSIVE;
				GCC_WARN_UNUSED_FUNCTION = YES;
				GCC_WARN_UNUSED_VARIABLE = YES;
				IPHONEOS_DEPLOYMENT_TARGET = 8.2;
				MTL_ENABLE_DEBUG_INFO = NO;
				SDKROOT = iphoneos;
				VALIDATE_PRODUCT = YES;
			};
			name = Release;
		};
		09A1FEA01ABC413500556B64 /* Debug */ = {
			isa = XCBuildConfiguration;
			buildSettings = {
				ASSETCATALOG_COMPILER_APPICON_NAME = AppIcon;
				INFOPLIST_FILE = Microblog1.1/Info.plist;
				LD_RUNPATH_SEARCH_PATHS = "$(inherited) @executable_path/Frameworks";
				PRODUCT_NAME = "$(TARGET_NAME)";
			};
			name = Debug;
		};
		09A1FEA11ABC413500556B64 /* Release */ = {
			isa = XCBuildConfiguration;
			buildSettings = {
				ASSETCATALOG_COMPILER_APPICON_NAME = AppIcon;
				INFOPLIST_FILE = Microblog1.1/Info.plist;
				LD_RUNPATH_SEARCH_PATHS = "$(inherited) @executable_path/Frameworks";
				PRODUCT_NAME = "$(TARGET_NAME)";
			};
			name = Release;
		};
		09A1FEA31ABC413500556B64 /* Debug */ = {
			isa = XCBuildConfiguration;
			buildSettings = {
				BUNDLE_LOADER = "$(TEST_HOST)";
				FRAMEWORK_SEARCH_PATHS = (
					"$(SDKROOT)/Developer/Library/Frameworks",
					"$(inherited)",
				);
				GCC_PREPROCESSOR_DEFINITIONS = (
					"DEBUG=1",
					"$(inherited)",
				);
				INFOPLIST_FILE = Microblog1.1Tests/Info.plist;
				LD_RUNPATH_SEARCH_PATHS = "$(inherited) @executable_path/Frameworks @loader_path/Frameworks";
				PRODUCT_NAME = "$(TARGET_NAME)";
				TEST_HOST = "$(BUILT_PRODUCTS_DIR)/Microblog1.1.app/Microblog1.1";
			};
			name = Debug;
		};
		09A1FEA41ABC413500556B64 /* Release */ = {
			isa = XCBuildConfiguration;
			buildSettings = {
				BUNDLE_LOADER = "$(TEST_HOST)";
				FRAMEWORK_SEARCH_PATHS = (
					"$(SDKROOT)/Developer/Library/Frameworks",
					"$(inherited)",
				);
				INFOPLIST_FILE = Microblog1.1Tests/Info.plist;
				LD_RUNPATH_SEARCH_PATHS = "$(inherited) @executable_path/Frameworks @loader_path/Frameworks";
				PRODUCT_NAME = "$(TARGET_NAME)";
				TEST_HOST = "$(BUILT_PRODUCTS_DIR)/Microblog1.1.app/Microblog1.1";
			};
			name = Release;
		};
/* End XCBuildConfiguration section */

/* Begin XCConfigurationList section */
		09A1FE741ABC413500556B64 /* Build configuration list for PBXProject "Microblog1.1" */ = {
			isa = XCConfigurationList;
			buildConfigurations = (
				09A1FE9D1ABC413500556B64 /* Debug */,
				09A1FE9E1ABC413500556B64 /* Release */,
			);
			defaultConfigurationIsVisible = 0;
			defaultConfigurationName = Release;
		};
		09A1FE9F1ABC413500556B64 /* Build configuration list for PBXNativeTarget "Microblog1.1" */ = {
			isa = XCConfigurationList;
			buildConfigurations = (
				09A1FEA01ABC413500556B64 /* Debug */,
				09A1FEA11ABC413500556B64 /* Release */,
			);
			defaultConfigurationIsVisible = 0;
			defaultConfigurationName = Release;
		};
		09A1FEA21ABC413500556B64 /* Build configuration list for PBXNativeTarget "Microblog1.1Tests" */ = {
			isa = XCConfigurationList;
			buildConfigurations = (
				09A1FEA31ABC413500556B64 /* Debug */,
				09A1FEA41ABC413500556B64 /* Release */,
			);
			defaultConfigurationIsVisible = 0;
			defaultConfigurationName = Release;
		};
/* End XCConfigurationList section */

/* Begin XCVersionGroup section */
		09A1FE831ABC413500556B64 /* Microblog1_1.xcdatamodeld */ = {
			isa = XCVersionGroup;
			children = (
				09A1FE841ABC413500556B64 /* Microblog1_1.xcdatamodel */,
			);
			currentVersion = 09A1FE841ABC413500556B64 /* Microblog1_1.xcdatamodel */;
			path = Microblog1_1.xcdatamodeld;
			sourceTree = "<group>";
			versionGroupType = wrapper.xcdatamodel;
		};
/* End XCVersionGroup section */
	};
	rootObject = 09A1FE711ABC413500556B64 /* Project object */;
}
